
Microsoft Visual Studio Solution File, Format Version 12.00
# Visual Studio Version 17
VisualStudioVersion = 17.1.32228.430
MinimumVisualStudioVersion = 10.0.40219.1
Project("{9A19103F-16F7-4668-BE54-9A1E7A4F7556}") = "CC.UploadService", "CC.UploadService\CC.UploadService.csproj", "{3ADD5E39-39AC-4157-A84C-6D0B9E812F07}"
EndProject
Project("{9A19103F-16F7-4668-BE54-9A1E7A4F7556}") = "CC.IdentityService", "CC.IdentityService\CC.IdentityService.csproj", "{01C79E36-0439-49EF-94C4-CCA38DDDB449}"
EndProject
Project("{9A19103F-16F7-4668-BE54-9A1E7A4F7556}") = "CC.Common", "CC.Common\CC.Common.csproj", "{455F086A-AACE-4A47-8402-1EE2E46E8A11}"
EndProject
Project("{2150E333-8FDC-42A3-9474-1A3956D46DE8}") = "Tests", "Tests", "{B1FE34FD-8373-4215-A37E-6C4308255642}"
EndProject
Project("{9A19103F-16F7-4668-BE54-9A1E7A4F7556}") = "CC.IdentityServiceTests", "CC.IdentityServiceTests\CC.IdentityServiceTests.csproj", "{1EB49EF6-8E63-4ACB-8DCD-6C08169ED181}"
EndProject
Project("{FAE04EC0-301F-11D3-BF4B-00C04F79EFBC}") = "CC.NotificationService", "CC.NotificationService\CC.NotificationService.csproj", "{7DC79A52-E979-4796-B967-172A22E43FD3}"
EndProject
Global
	GlobalSection(SolutionConfigurationPlatforms) = preSolution
		Debug|Any CPU = Debug|Any CPU
		Release|Any CPU = Release|Any CPU
	EndGlobalSection
	GlobalSection(ProjectConfigurationPlatforms) = postSolution
		{3ADD5E39-39AC-4157-A84C-6D0B9E812F07}.Debug|Any CPU.ActiveCfg = Debug|Any CPU
		{3ADD5E39-39AC-4157-A84C-6D0B9E812F07}.Debug|Any CPU.Build.0 = Debug|Any CPU
		{3ADD5E39-39AC-4157-A84C-6D0B9E812F07}.Release|Any CPU.ActiveCfg = Release|Any CPU
		{3ADD5E39-39AC-4157-A84C-6D0B9E812F07}.Release|Any CPU.Build.0 = Release|Any CPU
		{01C79E36-0439-49EF-94C4-CCA38DDDB449}.Debug|Any CPU.ActiveCfg = Debug|Any CPU
		{01C79E36-0439-49EF-94C4-CCA38DDDB449}.Debug|Any CPU.Build.0 = Debug|Any CPU
		{01C79E36-0439-49EF-94C4-CCA38DDDB449}.Release|Any CPU.ActiveCfg = Release|Any CPU
		{01C79E36-0439-49EF-94C4-CCA38DDDB449}.Release|Any CPU.Build.0 = Release|Any CPU
		{455F086A-AACE-4A47-8402-1EE2E46E8A11}.Debug|Any CPU.ActiveCfg = Debug|Any CPU
		{455F086A-AACE-4A47-8402-1EE2E46E8A11}.Debug|Any CPU.Build.0 = Debug|Any CPU
		{455F086A-AACE-4A47-8402-1EE2E46E8A11}.Release|Any CPU.ActiveCfg = Release|Any CPU
		{455F086A-AACE-4A47-8402-1EE2E46E8A11}.Release|Any CPU.Build.0 = Release|Any CPU
		{1EB49EF6-8E63-4ACB-8DCD-6C08169ED181}.Debug|Any CPU.ActiveCfg = Debug|Any CPU
		{1EB49EF6-8E63-4ACB-8DCD-6C08169ED181}.Debug|Any CPU.Build.0 = Debug|Any CPU
		{1EB49EF6-8E63-4ACB-8DCD-6C08169ED181}.Release|Any CPU.ActiveCfg = Release|Any CPU
		{1EB49EF6-8E63-4ACB-8DCD-6C08169ED181}.Release|Any CPU.Build.0 = Release|Any CPU
		{7DC79A52-E979-4796-B967-172A22E43FD3}.Debug|Any CPU.ActiveCfg = Debug|Any CPU
		{7DC79A52-E979-4796-B967-172A22E43FD3}.Debug|Any CPU.Build.0 = Debug|Any CPU
		{7DC79A52-E979-4796-B967-172A22E43FD3}.Release|Any CPU.ActiveCfg = Release|Any CPU
		{7DC79A52-E979-4796-B967-172A22E43FD3}.Release|Any CPU.Build.0 = Release|Any CPU
	EndGlobalSection
	GlobalSection(SolutionProperties) = preSolution
		HideSolutionNode = FALSE
	EndGlobalSection
	GlobalSection(NestedProjects) = preSolution
		{1EB49EF6-8E63-4ACB-8DCD-6C08169ED181} = {B1FE34FD-8373-4215-A37E-6C4308255642}
	EndGlobalSection
	GlobalSection(ExtensibilityGlobals) = postSolution
		SolutionGuid = {D5AEACEC-C6D1-43BD-BD1F-8ED3BACA382A}
	EndGlobalSection
EndGlobal
